{
  "name": "copy-paste-grid",
  "version": "1.0.0",
  "lockfileVersion": 1,
  "requires": true,
  "dependencies": {
    "@angular/common": {
      "version": "2.0.0-rc.1",
      "resolved": "https://registry.npmjs.org/@angular/common/-/common-2.0.0-rc.1.tgz",
      "integrity": "sha1-fz92Iuua+U2j9ev/MF3mYqXVlC4="
    },
    "@angular/compiler": {
      "version": "2.0.0-rc.1",
      "resolved": "https://registry.npmjs.org/@angular/compiler/-/compiler-2.0.0-rc.1.tgz",
      "integrity": "sha1-L2nYZrx2I8gLoF3U4TObz7AtCWA="
    },
    "@angular/core": {
      "version": "2.0.0-rc.1",
      "resolved": "https://registry.npmjs.org/@angular/core/-/core-2.0.0-rc.1.tgz",
      "integrity": "sha1-NOOB+v+2D8EuismIe62yUlUJB+A="
    },
    "@angular/http": {
      "version": "2.0.0-rc.1",
      "resolved": "https://registry.npmjs.org/@angular/http/-/http-2.0.0-rc.1.tgz",
      "integrity": "sha1-m+ZIXnT07bzchW8EI12bRn/Gzes="
    },
    "@angular/platform-browser": {
      "version": "2.0.0-rc.1",
      "resolved": "https://registry.npmjs.org/@angular/platform-browser/-/platform-browser-2.0.0-rc.1.tgz",
      "integrity": "sha1-35dUn3LwQtHBGA69RR62dkFuQPg="
    },
    "@angular/platform-browser-dynamic": {
      "version": "2.0.0-rc.1",
      "resolved": "https://registry.npmjs.org/@angular/platform-browser-dynamic/-/platform-browser-dynamic-2.0.0-rc.1.tgz",
      "integrity": "sha1-DtsCkp2+R5r9/rpqGjtnmFqPZv8="
    },
    "rxjs": {
      "version": "5.0.0-beta.6",
      "resolved": "https://registry.npmjs.org/rxjs/-/rxjs-5.0.0-beta.6.tgz",
      "integrity": "sha1-y23EbW3f7f7vybFdr9CcNKQ3DSM="
    },
    "typescript": {
      "version": "1.8.10",
      "resolved": "https://registry.npmjs.org/typescript/-/typescript-1.8.10.tgz",
      "integrity": "sha1-tHXW4N/wv1DyluXKbvn7tccyDx4=",
      "dev": true
    },
    "zone.js": {
      "version": "0.6.26",
      "resolved": "https://registry.npmjs.org/zone.js/-/zone.js-0.6.26.tgz",
      "integrity": "sha1-BnwTuLgCI6ibYuncgmgPCXYsRjY="
    }
  }
}
